
Microsoft Visual Studio Solution File, Format Version 12.00
# Visual Studio Version 16
VisualStudioVersion = 16.0.30907.101
MinimumVisualStudioVersion = 10.0.40219.1
Project("{FAE04EC0-301F-11D3-BF4B-00C04F79EFBC}") = "Calc.Android", "Calc.Android\Calc.Android.csproj", "{18934B59-4F4B-4510-BAA3-3A2BBC3C791E}"
EndProject
Project("{FAE04EC0-301F-11D3-BF4B-00C04F79EFBC}") = "Calc", "Calc\Calc.csproj", "{7B35067C-3E43-4F3D-A6C6-FF30A504705C}"
EndProject
Global
	GlobalSection(SolutionConfigurationPlatforms) = preSolution
		Debug|Any CPU = Debug|Any CPU
		Release|Any CPU = Release|Any CPU
	EndGlobalSection
	GlobalSection(ProjectConfigurationPlatforms) = postSolution
		{18934B59-4F4B-4510-BAA3-3A2BBC3C791E}.Debug|Any CPU.ActiveCfg = Debug|Any CPU
		{18934B59-4F4B-4510-BAA3-3A2BBC3C791E}.Debug|Any CPU.Build.0 = Debug|Any CPU
		{18934B59-4F4B-4510-BAA3-3A2BBC3C791E}.Debug|Any CPU.Deploy.0 = Debug|Any CPU
		{18934B59-4F4B-4510-BAA3-3A2BBC3C791E}.Release|Any CPU.ActiveCfg = Release|Any CPU
		{18934B59-4F4B-4510-BAA3-3A2BBC3C791E}.Release|Any CPU.Build.0 = Release|Any CPU
		{18934B59-4F4B-4510-BAA3-3A2BBC3C791E}.Release|Any CPU.Deploy.0 = Release|Any CPU
		{7B35067C-3E43-4F3D-A6C6-FF30A504705C}.Debug|Any CPU.ActiveCfg = Debug|Any CPU
		{7B35067C-3E43-4F3D-A6C6-FF30A504705C}.Debug|Any CPU.Build.0 = Debug|Any CPU
		{7B35067C-3E43-4F3D-A6C6-FF30A504705C}.Debug|Any CPU.Deploy.0 = Debug|Any CPU
		{7B35067C-3E43-4F3D-A6C6-FF30A504705C}.Release|Any CPU.ActiveCfg = Release|Any CPU
		{7B35067C-3E43-4F3D-A6C6-FF30A504705C}.Release|Any CPU.Build.0 = Release|Any CPU
		{7B35067C-3E43-4F3D-A6C6-FF30A504705C}.Release|Any CPU.Deploy.0 = Release|Any CPU
	EndGlobalSection
	GlobalSection(SolutionProperties) = preSolution
		HideSolutionNode = FALSE
	EndGlobalSection
	GlobalSection(ExtensibilityGlobals) = postSolution
		SolutionGuid = {F14067E3-3B8F-45E0-8BB3-692B06CF7747}
	EndGlobalSection
EndGlobal
